
Microsoft Visual Studio Solution File, Format Version 12.00
# Visual Studio 15
VisualStudioVersion = 15.0.28307.645
MinimumVisualStudioVersion = 10.0.40219.1
Project("{FAE04EC0-301F-11D3-BF4B-00C04F79EFBC}") = "TicketMachine", "TicketMachine\TicketMachine.csproj", "{F7B74A9E-AB59-4AE8-8817-CBCC647E22AB}"
EndProject
Project("{FAE04EC0-301F-11D3-BF4B-00C04F79EFBC}") = "UnitTestingTicketMachine", "UnitTestingTicketMachine\UnitTestingTicketMachine.csproj", "{67069611-36A9-4D46-8408-9E28FB083505}"
EndProject
Global
	GlobalSection(SolutionConfigurationPlatforms) = preSolution
		Debug|Any CPU = Debug|Any CPU
		Release|Any CPU = Release|Any CPU
	EndGlobalSection
	GlobalSection(ProjectConfigurationPlatforms) = postSolution
		{F7B74A9E-AB59-4AE8-8817-CBCC647E22AB}.Debug|Any CPU.ActiveCfg = Debug|Any CPU
		{F7B74A9E-AB59-4AE8-8817-CBCC647E22AB}.Debug|Any CPU.Build.0 = Debug|Any CPU
		{F7B74A9E-AB59-4AE8-8817-CBCC647E22AB}.Release|Any CPU.ActiveCfg = Release|Any CPU
		{F7B74A9E-AB59-4AE8-8817-CBCC647E22AB}.Release|Any CPU.Build.0 = Release|Any CPU
		{67069611-36A9-4D46-8408-9E28FB083505}.Debug|Any CPU.ActiveCfg = Debug|Any CPU
		{67069611-36A9-4D46-8408-9E28FB083505}.Debug|Any CPU.Build.0 = Debug|Any CPU
		{67069611-36A9-4D46-8408-9E28FB083505}.Release|Any CPU.ActiveCfg = Release|Any CPU
		{67069611-36A9-4D46-8408-9E28FB083505}.Release|Any CPU.Build.0 = Release|Any CPU
	EndGlobalSection
	GlobalSection(SolutionProperties) = preSolution
		HideSolutionNode = FALSE
	EndGlobalSection
	GlobalSection(ExtensibilityGlobals) = postSolution
		SolutionGuid = {AC89C1CF-8DA3-4738-9813-CC292F6F794A}
	EndGlobalSection
EndGlobal
